
Microsoft Visual Studio Solution File, Format Version 12.00
Project("{FAE04EC0-301F-11D3-BF4B-00C04F79EFBC}") = "payslip_2025", "payslip_2025\payslip_2025.csproj", "{2B70A1FA-FDCF-464D-8473-8996217AF942}"
EndProject
Project("{FAE04EC0-301F-11D3-BF4B-00C04F79EFBC}") = "PayslipUnitTests", "PayslipUnitTests\PayslipUnitTests.csproj", "{584A7321-4566-435C-9A4E-BE647B678E71}"
EndProject
Global
	GlobalSection(SolutionConfigurationPlatforms) = preSolution
		Debug|Any CPU = Debug|Any CPU
		Release|Any CPU = Release|Any CPU
	EndGlobalSection
	GlobalSection(ProjectConfigurationPlatforms) = postSolution
		{2B70A1FA-FDCF-464D-8473-8996217AF942}.Debug|Any CPU.ActiveCfg = Debug|Any CPU
		{2B70A1FA-FDCF-464D-8473-8996217AF942}.Debug|Any CPU.Build.0 = Debug|Any CPU
		{2B70A1FA-FDCF-464D-8473-8996217AF942}.Release|Any CPU.ActiveCfg = Release|Any CPU
		{2B70A1FA-FDCF-464D-8473-8996217AF942}.Release|Any CPU.Build.0 = Release|Any CPU
		{584A7321-4566-435C-9A4E-BE647B678E71}.Debug|Any CPU.ActiveCfg = Debug|Any CPU
		{584A7321-4566-435C-9A4E-BE647B678E71}.Debug|Any CPU.Build.0 = Debug|Any CPU
		{584A7321-4566-435C-9A4E-BE647B678E71}.Release|Any CPU.ActiveCfg = Release|Any CPU
		{584A7321-4566-435C-9A4E-BE647B678E71}.Release|Any CPU.Build.0 = Release|Any CPU
	EndGlobalSection
EndGlobal
